
Microsoft Visual Studio Solution File, Format Version 12.00
# Visual Studio Version 16
VisualStudioVersion = 16.0.29411.108
MinimumVisualStudioVersion = 10.0.40219.1
Project("{FAE04EC0-301F-11D3-BF4B-00C04F79EFBC}") = "ASPRoutingAndModelling", "ASPRoutingAndModelling\ASPRoutingAndModelling.csproj", "{D22395E3-4E72-4672-A2EE-AD8DCE94AFA3}"
EndProject
Global
	GlobalSection(SolutionConfigurationPlatforms) = preSolution
		Debug|Any CPU = Debug|Any CPU
		Release|Any CPU = Release|Any CPU
	EndGlobalSection
	GlobalSection(ProjectConfigurationPlatforms) = postSolution
		{D22395E3-4E72-4672-A2EE-AD8DCE94AFA3}.Debug|Any CPU.ActiveCfg = Debug|Any CPU
		{D22395E3-4E72-4672-A2EE-AD8DCE94AFA3}.Debug|Any CPU.Build.0 = Debug|Any CPU
		{D22395E3-4E72-4672-A2EE-AD8DCE94AFA3}.Release|Any CPU.ActiveCfg = Release|Any CPU
		{D22395E3-4E72-4672-A2EE-AD8DCE94AFA3}.Release|Any CPU.Build.0 = Release|Any CPU
	EndGlobalSection
	GlobalSection(SolutionProperties) = preSolution
		HideSolutionNode = FALSE
	EndGlobalSection
	GlobalSection(ExtensibilityGlobals) = postSolution
		SolutionGuid = {F0489D28-E46C-4E89-9987-F613301EF727}
	EndGlobalSection
EndGlobal
